{
  "name": "typescript-study",
  "version": "1.0.0",
  "lockfileVersion": 1,
  "requires": true,
  "dependencies": {
    "flow-parser": {
      "version": "0.133.0",
      "resolved": "http://172.25.160.141:4873/flow-parser/-/flow-parser-0.133.0.tgz",
      "integrity": "sha1-ZwwrA/wm3JIe+mhTWa3cYGGiM3o=",
      "dev": true
    },
    "flow-remove-types": {
      "version": "2.133.0",
      "resolved": "http://172.25.160.141:4873/flow-remove-types/-/flow-remove-types-2.133.0.tgz",
      "integrity": "sha1-+0Plc6mmmlafebth5MIwuJnhi7Q=",
      "dev": true,
      "requires": {
        "flow-parser": "^0.133.0",
        "pirates": "^3.0.2",
        "vlq": "^0.2.1"
      }
    },
    "node-modules-regexp": {
      "version": "1.0.0",
      "resolved": "http://172.25.160.141:4873/node-modules-regexp/-/node-modules-regexp-1.0.0.tgz",
      "integrity": "sha1-jZ2+KJZKSsVxLpExZCEHxx6Q7EA=",
      "dev": true
    },
    "pirates": {
      "version": "3.0.2",
      "resolved": "http://172.25.160.141:4873/pirates/-/pirates-3.0.2.tgz",
      "integrity": "sha1-fm+FQT/ZFhq04StTmwYBDYWVS7k=",
      "dev": true,
      "requires": {
        "node-modules-regexp": "^1.0.0"
      }
    },
    "vlq": {
      "version": "0.2.3",
      "resolved": "http://172.25.160.141:4873/vlq/-/vlq-0.2.3.tgz",
      "integrity": "sha1-jz5DKM9jsVQMDWfhsneDhviXWyY=",
      "dev": true
    }
  }
}
